
Microsoft Visual Studio Solution File, Format Version 12.00
# Visual Studio Version 17
VisualStudioVersion = 17.9.34518.117
MinimumVisualStudioVersion = 10.0.40219.1
Project("{FAE04EC0-301F-11D3-BF4B-00C04F79EFBC}") = "MathematicsForPerceptron", "MathematicsForPerceptron\MathematicsForPerceptron.csproj", "{3E582BF6-DD96-4BAF-B765-3D1B421F400A}"
EndProject
Global
	GlobalSection(SolutionConfigurationPlatforms) = preSolution
		Debug|Any CPU = Debug|Any CPU
		Release|Any CPU = Release|Any CPU
	EndGlobalSection
	GlobalSection(ProjectConfigurationPlatforms) = postSolution
		{3E582BF6-DD96-4BAF-B765-3D1B421F400A}.Debug|Any CPU.ActiveCfg = Debug|Any CPU
		{3E582BF6-DD96-4BAF-B765-3D1B421F400A}.Debug|Any CPU.Build.0 = Debug|Any CPU
		{3E582BF6-DD96-4BAF-B765-3D1B421F400A}.Release|Any CPU.ActiveCfg = Release|Any CPU
		{3E582BF6-DD96-4BAF-B765-3D1B421F400A}.Release|Any CPU.Build.0 = Release|Any CPU
	EndGlobalSection
	GlobalSection(SolutionProperties) = preSolution
		HideSolutionNode = FALSE
	EndGlobalSection
	GlobalSection(ExtensibilityGlobals) = postSolution
		SolutionGuid = {8E8FF6B2-7910-42BE-AF7D-332DF51ECD1B}
	EndGlobalSection
EndGlobal
